{
  "pins" : [
    {
      "identity" : "agorartcengine_ios",
      "kind" : "remoteSourceControl",
      "location" : "https://github.com/AgoraIO/AgoraRtcEngine_iOS",
      "state" : {
        "revision" : "f7de8834ea18a23152fc51e06541470a2caaf16b",
        "version" : "3.7.0-r.2"
      }
    },
    {
      "identity" : "agorartm_ios",
      "kind" : "remoteSourceControl",
      "location" : "https://github.com/AgoraIO/AgoraRtm_iOS",
      "state" : {
        "revision" : "bd28c61c0cbeec574abd1da80e99aba3e83950ae",
        "version" : "1.5.0"
      }
    }
  ],
  "version" : 2
}
